
Microsoft Visual Studio Solution File, Format Version 12.00
# Visual Studio Version 16
VisualStudioVersion = 16.0.29609.76
MinimumVisualStudioVersion = 10.0.40219.1
Project("{2150E333-8FDC-42A3-9474-1A3956D46DE8}") = "Web", "Web", "{EA88D3BF-0E4D-4323-AE0D-5014020B5086}"
EndProject
Project("{FAE04EC0-301F-11D3-BF4B-00C04F79EFBC}") = "Sale", "Sale\Sale.csproj", "{3EBDED66-7690-4B74-953C-55957BB7F2D8}"
EndProject
Global
	GlobalSection(SolutionConfigurationPlatforms) = preSolution
		Debug|Any CPU = Debug|Any CPU
		Release|Any CPU = Release|Any CPU
	EndGlobalSection
	GlobalSection(ProjectConfigurationPlatforms) = postSolution
		{3EBDED66-7690-4B74-953C-55957BB7F2D8}.Debug|Any CPU.ActiveCfg = Debug|Any CPU
		{3EBDED66-7690-4B74-953C-55957BB7F2D8}.Debug|Any CPU.Build.0 = Debug|Any CPU
		{3EBDED66-7690-4B74-953C-55957BB7F2D8}.Release|Any CPU.ActiveCfg = Release|Any CPU
		{3EBDED66-7690-4B74-953C-55957BB7F2D8}.Release|Any CPU.Build.0 = Release|Any CPU
	EndGlobalSection
	GlobalSection(SolutionProperties) = preSolution
		HideSolutionNode = FALSE
	EndGlobalSection
	GlobalSection(NestedProjects) = preSolution
		{3EBDED66-7690-4B74-953C-55957BB7F2D8} = {EA88D3BF-0E4D-4323-AE0D-5014020B5086}
	EndGlobalSection
	GlobalSection(ExtensibilityGlobals) = postSolution
		SolutionGuid = {2D80E42C-A0B5-491B-89EA-C7DC7AF4EB43}
	EndGlobalSection
EndGlobal
